<?xml version="1.0" encoding="utf-8"?>
<Project ToolsVersion="4.0" xmlns="http://schemas.microsoft.com/developer/msbuild/2003">
  <ItemGroup>
    <ClCompile Include="FlushCommand.cpp">
      <Filter>Command</Filter>
    </ClCompile>
    <ClCompile Include="Write10AndCompare.cpp">
      <Filter>Command</Filter>
    </ClCompile>
    <ClCompile Include="main.cpp">
      <Filter>소스 파일</Filter>
    </ClCompile>
    <ClCompile Include="Runner.cpp">
      <Filter>소스 파일</Filter>
    </ClCompile>
    <ClCompile Include="CommandParser.cpp">
      <Filter>소스 파일</Filter>
    </ClCompile>
    <ClCompile Include="EraseCommand.cpp">
      <Filter>Command</Filter>
    </ClCompile>
    <ClCompile Include="EraseRangeCommand.cpp">
      <Filter>Command</Filter>
    </ClCompile>
    <ClCompile Include="FullReadCommand.cpp">
      <Filter>Command</Filter>
    </ClCompile>
    <ClCompile Include="FullWriteCommand.cpp">
      <Filter>Command</Filter>
    </ClCompile>
    <ClCompile Include="HelpCommand.cpp">
      <Filter>Command</Filter>
    </ClCompile>
    <ClCompile Include="ReadCommand.cpp">
      <Filter>Command</Filter>
    </ClCompile>
    <ClCompile Include="TestApp1Command.cpp">
      <Filter>Command</Filter>
    </ClCompile>
    <ClCompile Include="TestApp2Command.cpp">
      <Filter>Command</Filter>
    </ClCompile>
    <ClCompile Include="WriteCommand.cpp">
      <Filter>Command</Filter>
    </ClCompile>
    <ClCompile Include="ICommand.h">
      <Filter>Command\Command_IF</Filter>
    </ClCompile>
    <ClCompile Include="ProductInterface.h">
      <Filter>헤더 파일</Filter>
    </ClCompile>
    <ClCompile Include="Invoker.cpp">
      <Filter>소스 파일</Filter>
    </ClCompile>
    <ClCompile Include="TestCase.cpp">
      <Filter>TestScenario</Filter>
    </ClCompile>
    <ClCompile Include="TestShell_Exception.h">
      <Filter>헤더 파일</Filter>
    </ClCompile>
  </ItemGroup>
  <ItemGroup>
    <ClCompile Include="main.cpp">
      <Filter>소스 파일</Filter>
    </ClCompile>
    <ClCompile Include="CommandParser.cpp">
      <Filter>소스 파일</Filter>
    </ClCompile>
    <ClCompile Include="ProductInterface.h">
      <Filter>소스 파일\헤더 파일</Filter>
    </ClCompile>
    <ClCompile Include="TestShell_Exception.h">
      <Filter>소스 파일\헤더 파일</Filter>
    </ClCompile>
    <ClCompile Include="EraseCommand.cpp">
      <Filter>소스 파일\Command</Filter>
    </ClCompile>
    <ClCompile Include="EraseRangeCommand.cpp">
      <Filter>소스 파일\Command</Filter>
    </ClCompile>
    <ClCompile Include="FullReadCommand.cpp">
      <Filter>소스 파일\Command</Filter>
    </ClCompile>
    <ClCompile Include="FullWriteCommand.cpp">
      <Filter>소스 파일\Command</Filter>
    </ClCompile>
    <ClCompile Include="HelpCommand.cpp">
      <Filter>소스 파일\Command</Filter>
    </ClCompile>
    <ClCompile Include="ICommand.h">
      <Filter>소스 파일\Command</Filter>
    </ClCompile>
    <ClCompile Include="Invoker.cpp">
      <Filter>소스 파일\Command</Filter>
    </ClCompile>
    <ClCompile Include="Runner.cpp">
      <Filter>소스 파일</Filter>
    </ClCompile>
    <ClCompile Include="ReadCommand.cpp">
      <Filter>소스 파일\Command</Filter>
    </ClCompile>
    <ClCompile Include="WriteCommand.cpp">
      <Filter>소스 파일\Command</Filter>
    </ClCompile>
    <ClCompile Include="TestCase.cpp">
      <Filter>소스 파일</Filter>
    </ClCompile>
    <ClCompile Include="TestApp1Command.cpp">
      <Filter>소스 파일\Command</Filter>
    </ClCompile>
    <ClCompile Include="TestApp2Command.cpp">
      <Filter>소스 파일\Command</Filter>
    </ClCompile>
  </ItemGroup>
  <ItemGroup>
    <ClInclude Include="json.hpp">
      <Filter>TestScenario</Filter>
    </ClInclude>
    <ClInclude Include="TestCase.h">
      <Filter>TestScenario</Filter>
    </ClInclude>
  </ItemGroup>
  <ItemGroup>
    <Filter Include="헤더 파일">
      <UniqueIdentifier>{69ae7518-4745-4a5e-91ca-9af18e351304}</UniqueIdentifier>
    </Filter>
    <Filter Include="소스 파일">
      <UniqueIdentifier>{b964a37f-0f9c-4096-930d-e218a9704e1c}</UniqueIdentifier>
    </Filter>
    <Filter Include="Command">
      <UniqueIdentifier>{7d9564f9-d3d7-4e31-8bd0-fb93d578c43b}</UniqueIdentifier>
    </Filter>
    <Filter Include="Command\Command_IF">
      <UniqueIdentifier>{4be36eca-660a-4fd5-99f9-f31590562482}</UniqueIdentifier>
    </Filter>
    <Filter Include="TestScenario">
      <UniqueIdentifier>{23e39ae8-fc1f-4300-8ec0-ebbae46b1f78}</UniqueIdentifier>
    </Filter>
  </ItemGroup>
</Project>